// !$*UTF8*$!
{
	archiveVersion = 1;
	classes = {
	};
	objectVersion = 46;
	objects = {

/* Begin PBXBuildFile section */
		21E43D371D33FE7A00283C4A /* AppDelegate.swift in Sources */ = {isa = PBXBuildFile; fileRef = 21E43D361D33FE7A00283C4A /* AppDelegate.swift */; };
		21E43D3C1D33FE7A00283C4A /* Main.storyboard in Resources */ = {isa = PBXBuildFile; fileRef = 21E43D3A1D33FE7A00283C4A /* Main.storyboard */; };
		21E43D3E1D33FE7A00283C4A /* Assets.xcassets in Resources */ = {isa = PBXBuildFile; fileRef = 21E43D3D1D33FE7A00283C4A /* Assets.xcassets */; };
		21E43D411D33FE7A00283C4A /* LaunchScreen.storyboard in Resources */ = {isa = PBXBuildFile; fileRef = 21E43D3F1D33FE7A00283C4A /* LaunchScreen.storyboard */; };
		21E43D491D33FF5F00283C4A /* CardViewController.swift in Sources */ = {isa = PBXBuildFile; fileRef = 21E43D481D33FF5F00283C4A /* CardViewController.swift */; };
		21E43D4B1D34035800283C4A /* Card.swift in Sources */ = {isa = PBXBuildFile; fileRef = 21E43D4A1D34035800283C4A /* Card.swift */; };
		21E43D4D1D34055900283C4A /* CardController.swift in Sources */ = {isa = PBXBuildFile; fileRef = 21E43D4C1D34055900283C4A /* CardController.swift */; };
		21E43D4F1D34099700283C4A /* NetworkController.swift in Sources */ = {isa = PBXBuildFile; fileRef = 21E43D4E1D34099700283C4A /* NetworkController.swift */; };
		21E43D511D341A2E00283C4A /* ImageController.swift in Sources */ = {isa = PBXBuildFile; fileRef = 21E43D501D341A2E00283C4A /* ImageController.swift */; };
/* End PBXBuildFile section */

/* Begin PBXFileReference section */
		21E43D331D33FE7A00283C4A /* DeckOfOneCard.app */ = {isa = PBXFileReference; explicitFileType = wrapper.application; includeInIndex = 0; path = DeckOfOneCard.app; sourceTree = BUILT_PRODUCTS_DIR; };
		21E43D361D33FE7A00283C4A /* AppDelegate.swift */ = {isa = PBXFileReference; lastKnownFileType = sourcecode.swift; path = AppDelegate.swift; sourceTree = "<group>"; };
		21E43D3B1D33FE7A00283C4A /* Base */ = {isa = PBXFileReference; lastKnownFileType = file.storyboard; name = Base; path = Base.lproj/Main.storyboard; sourceTree = "<group>"; };
		21E43D3D1D33FE7A00283C4A /* Assets.xcassets */ = {isa = PBXFileReference; lastKnownFileType = folder.assetcatalog; path = Assets.xcassets; sourceTree = "<group>"; };
		21E43D401D33FE7A00283C4A /* Base */ = {isa = PBXFileReference; lastKnownFileType = file.storyboard; name = Base; path = Base.lproj/LaunchScreen.storyboard; sourceTree = "<group>"; };
		21E43D421D33FE7A00283C4A /* Info.plist */ = {isa = PBXFileReference; lastKnownFileType = text.plist.xml; path = Info.plist; sourceTree = "<group>"; };
		21E43D481D33FF5F00283C4A /* CardViewController.swift */ = {isa = PBXFileReference; fileEncoding = 4; lastKnownFileType = sourcecode.swift; name = CardViewController.swift; path = ../CardViewController.swift; sourceTree = "<group>"; };
		21E43D4A1D34035800283C4A /* Card.swift */ = {isa = PBXFileReference; fileEncoding = 4; lastKnownFileType = sourcecode.swift; path = Card.swift; sourceTree = "<group>"; };
		21E43D4C1D34055900283C4A /* CardController.swift */ = {isa = PBXFileReference; fileEncoding = 4; lastKnownFileType = sourcecode.swift; path = CardController.swift; sourceTree = "<group>"; };
		21E43D4E1D34099700283C4A /* NetworkController.swift */ = {isa = PBXFileReference; fileEncoding = 4; lastKnownFileType = sourcecode.swift; path = NetworkController.swift; sourceTree = "<group>"; };
		21E43D501D341A2E00283C4A /* ImageController.swift */ = {isa = PBXFileReference; fileEncoding = 4; lastKnownFileType = sourcecode.swift; path = ImageController.swift; sourceTree = "<group>"; };
/* End PBXFileReference section */

/* Begin PBXFrameworksBuildPhase section */
		21E43D301D33FE7A00283C4A /* Frameworks */ = {
			isa = PBXFrameworksBuildPhase;
			buildActionMask = 2147483647;
			files = (
			);
			runOnlyForDeploymentPostprocessing = 0;
		};
/* End PBXFrameworksBuildPhase section */

/* Begin PBXGroup section */
		21E43D2A1D33FE7A00283C4A = {
			isa = PBXGroup;
			children = (
				21E43D351D33FE7A00283C4A /* DeckOfOneCard */,
				21E43D341D33FE7A00283C4A /* Products */,
			);
			sourceTree = "<group>";
		};
		21E43D341D33FE7A00283C4A /* Products */ = {
			isa = PBXGroup;
			children = (
				21E43D331D33FE7A00283C4A /* DeckOfOneCard.app */,
			);
			name = Products;
			sourceTree = "<group>";
		};
		21E43D351D33FE7A00283C4A /* DeckOfOneCard */ = {
			isa = PBXGroup;
			children = (
				21E43D361D33FE7A00283C4A /* AppDelegate.swift */,
				21E43D481D33FF5F00283C4A /* CardViewController.swift */,
				21E43D501D341A2E00283C4A /* ImageController.swift */,
				21E43D4A1D34035800283C4A /* Card.swift */,
				21E43D4C1D34055900283C4A /* CardController.swift */,
				21E43D4E1D34099700283C4A /* NetworkController.swift */,
				21E43D3A1D33FE7A00283C4A /* Main.storyboard */,
				21E43D3D1D33FE7A00283C4A /* Assets.xcassets */,
				21E43D3F1D33FE7A00283C4A /* LaunchScreen.storyboard */,
				21E43D421D33FE7A00283C4A /* Info.plist */,
			);
			path = DeckOfOneCard;
			sourceTree = "<group>";
		};
/* End PBXGroup section */

/* Begin PBXNativeTarget section */
		21E43D321D33FE7A00283C4A /* DeckOfOneCard */ = {
			isa = PBXNativeTarget;
			buildConfigurationList = 21E43D451D33FE7A00283C4A /* Build configuration list for PBXNativeTarget "DeckOfOneCard" */;
			buildPhases = (
				21E43D2F1D33FE7A00283C4A /* Sources */,
				21E43D301D33FE7A00283C4A /* Frameworks */,
				21E43D311D33FE7A00283C4A /* Resources */,
			);
			buildRules = (
			);
			dependencies = (
			);
			name = DeckOfOneCard;
			productName = DeckOfOneCard;
			productReference = 21E43D331D33FE7A00283C4A /* DeckOfOneCard.app */;
			productType = "com.apple.product-type.application";
		};
/* End PBXNativeTarget section */

/* Begin PBXProject section */
		21E43D2B1D33FE7A00283C4A /* Project object */ = {
			isa = PBXProject;
			attributes = {
				LastSwiftUpdateCheck = 0730;
				LastUpgradeCheck = 0730;
				ORGANIZATIONNAME = PatrickRidd;
				TargetAttributes = {
					21E43D321D33FE7A00283C4A = {
						CreatedOnToolsVersion = 7.3;
						DevelopmentTeam = 93224DXRHZ;
					};
				};
			};
			buildConfigurationList = 21E43D2E1D33FE7A00283C4A /* Build configuration list for PBXProject "DeckOfOneCard" */;
			compatibilityVersion = "Xcode 3.2";
			developmentRegion = English;
			hasScannedForEncodings = 0;
			knownRegions = (
				en,
				Base,
			);
			mainGroup = 21E43D2A1D33FE7A00283C4A;
			productRefGroup = 21E43D341D33FE7A00283C4A /* Products */;
			projectDirPath = "";
			projectRoot = "";
			targets = (
				21E43D321D33FE7A00283C4A /* DeckOfOneCard */,
			);
		};
/* End PBXProject section */

/* Begin PBXResourcesBuildPhase section */
		21E43D311D33FE7A00283C4A /* Resources */ = {
			isa = PBXResourcesBuildPhase;
			buildActionMask = 2147483647;
			files = (
				21E43D411D33FE7A00283C4A /* LaunchScreen.storyboard in Resources */,
				21E43D3E1D33FE7A00283C4A /* Assets.xcassets in Resources */,
				21E43D3C1D33FE7A00283C4A /* Main.storyboard in Resources */,
			);
			runOnlyForDeploymentPostprocessing = 0;
		};
/* End PBXResourcesBuildPhase section */

/* Begin PBXSourcesBuildPhase section */
		21E43D2F1D33FE7A00283C4A /* Sources */ = {
			isa = PBXSourcesBuildPhase;
			buildActionMask = 2147483647;
			files = (
				21E43D4F1D34099700283C4A /* NetworkController.swift in Sources */,
				21E43D491D33FF5F00283C4A /* CardViewController.swift in Sources */,
				21E43D4D1D34055900283C4A /* CardController.swift in Sources */,
				21E43D4B1D34035800283C4A /* Card.swift in Sources */,
				21E43D371D33FE7A00283C4A /* AppDelegate.swift in Sources */,
				21E43D511D341A2E00283C4A /* ImageController.swift in Sources */,
			);
			runOnlyForDeploymentPostprocessing = 0;
		};
/* End PBXSourcesBuildPhase section */

/* Begin PBXVariantGroup section */
		21E43D3A1D33FE7A00283C4A /* Main.storyboard */ = {
			isa = PBXVariantGroup;
			children = (
				21E43D3B1D33FE7A00283C4A /* Base */,
			);
			name = Main.storyboard;
			sourceTree = "<group>";
		};
		21E43D3F1D33FE7A00283C4A /* LaunchScreen.storyboard */ = {
			isa = PBXVariantGroup;
			children = (
				21E43D401D33FE7A00283C4A /* Base */,
			);
			name = LaunchScreen.storyboard;
			sourceTree = "<group>";
		};
/* End PBXVariantGroup section */

/* Begin XCBuildConfiguration section */
		21E43D431D33FE7A00283C4A /* Debug */ = {
			isa = XCBuildConfiguration;
			buildSettings = {
				ALWAYS_SEARCH_USER_PATHS = NO;
				CLANG_ANALYZER_NONNULL = YES;
				CLANG_CXX_LANGUAGE_STANDARD = "gnu++0x";
				CLANG_CXX_LIBRARY = "libc++";
				CLANG_ENABLE_MODULES = YES;
				CLANG_ENABLE_OBJC_ARC = YES;
				CLANG_WARN_BOOL_CONVERSION = YES;
				CLANG_WARN_CONSTANT_CONVERSION = YES;
				CLANG_WARN_DIRECT_OBJC_ISA_USAGE = YES_ERROR;
				CLANG_WARN_EMPTY_BODY = YES;
				CLANG_WARN_ENUM_CONVERSION = YES;
				CLANG_WARN_INT_CONVERSION = YES;
				CLANG_WARN_OBJC_ROOT_CLASS = YES_ERROR;
				CLANG_WARN_UNREACHABLE_CODE = YES;
				CLANG_WARN__DUPLICATE_METHOD_MATCH = YES;
				"CODE_SIGN_IDENTITY[sdk=iphoneos*]" = "iPhone Developer";
				COPY_PHASE_STRIP = NO;
				DEBUG_INFORMATION_FORMAT = dwarf;
				ENABLE_STRICT_OBJC_MSGSEND = YES;
				ENABLE_TESTABILITY = YES;
				GCC_C_LANGUAGE_STANDARD = gnu99;
				GCC_DYNAMIC_NO_PIC = NO;
				GCC_NO_COMMON_BLOCKS = YES;
				GCC_OPTIMIZATION_LEVEL = 0;
				GCC_PREPROCESSOR_DEFINITIONS = (
					"DEBUG=1",
					"$(inherited)",
				);
				GCC_WARN_64_TO_32_BIT_CONVERSION = YES;
				GCC_WARN_ABOUT_RETURN_TYPE = YES_ERROR;
				GCC_WARN_UNDECLARED_SELECTOR = YES;
				GCC_WARN_UNINITIALIZED_AUTOS = YES_AGGRESSIVE;
				GCC_WARN_UNUSED_FUNCTION = YES;
				GCC_WARN_UNUSED_VARIABLE = YES;
				IPHONEOS_DEPLOYMENT_TARGET = 9.3;
				MTL_ENABLE_DEBUG_INFO = YES;
				ONLY_ACTIVE_ARCH = YES;
				SDKROOT = iphoneos;
				SWIFT_OPTIMIZATION_LEVEL = "-Onone";
			};
			name = Debug;
		};
		21E43D441D33FE7A00283C4A /* Release */ = {
			isa = XCBuildConfiguration;
			buildSettings = {
				ALWAYS_SEARCH_USER_PATHS = NO;
				CLANG_ANALYZER_NONNULL = YES;
				CLANG_CXX_LANGUAGE_STANDARD = "gnu++0x";
				CLANG_CXX_LIBRARY = "libc++";
				CLANG_ENABLE_MODULES = YES;
				CLANG_ENABLE_OBJC_ARC = YES;
				CLANG_WARN_BOOL_CONVERSION = YES;
				CLANG_WARN_CONSTANT_CONVERSION = YES;
				CLANG_WARN_DIRECT_OBJC_ISA_USAGE = YES_ERROR;
				CLANG_WARN_EMPTY_BODY = YES;
				CLANG_WARN_ENUM_CONVERSION = YES;
				CLANG_WARN_INT_CONVERSION = YES;
				CLANG_WARN_OBJC_ROOT_CLASS = YES_ERROR;
				CLANG_WARN_UNREACHABLE_CODE = YES;
				CLANG_WARN__DUPLICATE_METHOD_MATCH = YES;
				"CODE_SIGN_IDENTITY[sdk=iphoneos*]" = "iPhone Developer";
				COPY_PHASE_STRIP = NO;
				DEBUG_INFORMATION_FORMAT = "dwarf-with-dsym";
				ENABLE_NS_ASSERTIONS = NO;
				ENABLE_STRICT_OBJC_MSGSEND = YES;
				GCC_C_LANGUAGE_STANDARD = gnu99;
				GCC_NO_COMMON_BLOCKS = YES;
				GCC_WARN_64_TO_32_BIT_CONVERSION = YES;
				GCC_WARN_ABOUT_RETURN_TYPE = YES_ERROR;
				GCC_WARN_UNDECLARED_SELECTOR = YES;
				GCC_WARN_UNINITIALIZED_AUTOS = YES_AGGRESSIVE;
				GCC_WARN_UNUSED_FUNCTION = YES;
				GCC_WARN_UNUSED_VARIABLE = YES;
				IPHONEOS_DEPLOYMENT_TARGET = 9.3;
				MTL_ENABLE_DEBUG_INFO = NO;
				SDKROOT = iphoneos;
				VALIDATE_PRODUCT = YES;
			};
			name = Release;
		};
		21E43D461D33FE7A00283C4A /* Debug */ = {
			isa = XCBuildConfiguration;
			buildSettings = {
				ASSETCATALOG_COMPILER_APPICON_NAME = AppIcon;
				INFOPLIST_FILE = DeckOfOneCard/Info.plist;
				LD_RUNPATH_SEARCH_PATHS = "$(inherited) @executable_path/Frameworks";
				PRODUCT_BUNDLE_IDENTIFIER = com.example.DeckOfOneCard;
				PRODUCT_NAME = "$(TARGET_NAME)";
			};
			name = Debug;
		};
		21E43D471D33FE7A00283C4A /* Release */ = {
			isa = XCBuildConfiguration;
			buildSettings = {
				ASSETCATALOG_COMPILER_APPICON_NAME = AppIcon;
				INFOPLIST_FILE = DeckOfOneCard/Info.plist;
				LD_RUNPATH_SEARCH_PATHS = "$(inherited) @executable_path/Frameworks";
				PRODUCT_BUNDLE_IDENTIFIER = com.example.DeckOfOneCard;
				PRODUCT_NAME = "$(TARGET_NAME)";
			};
			name = Release;
		};
/* End XCBuildConfiguration section */

/* Begin XCConfigurationList section */
		21E43D2E1D33FE7A00283C4A /* Build configuration list for PBXProject "DeckOfOneCard" */ = {
			isa = XCConfigurationList;
			buildConfigurations = (
				21E43D431D33FE7A00283C4A /* Debug */,
				21E43D441D33FE7A00283C4A /* Release */,
			);
			defaultConfigurationIsVisible = 0;
			defaultConfigurationName = Release;
		};
		21E43D451D33FE7A00283C4A /* Build configuration list for PBXNativeTarget "DeckOfOneCard" */ = {
			isa = XCConfigurationList;
			buildConfigurations = (
				21E43D461D33FE7A00283C4A /* Debug */,
				21E43D471D33FE7A00283C4A /* Release */,
			);
			defaultConfigurationIsVisible = 0;
		};
/* End XCConfigurationList section */
	};
	rootObject = 21E43D2B1D33FE7A00283C4A /* Project object */;
}
